// !$*UTF8*$!
{
	archiveVersion = 1;
	classes = {
	};
	objectVersion = 56;
	objects = {

/* Begin PBXBuildFile section */
		6748443E2BC3418A00A27B51 /* SleepNoiseApp.swift in Sources */ = {isa = PBXBuildFile; fileRef = 6748443D2BC3418A00A27B51 /* SleepNoiseApp.swift */; };
		674844402BC3418A00A27B51 /* ContentView.swift in Sources */ = {isa = PBXBuildFile; fileRef = 6748443F2BC3418A00A27B51 /* ContentView.swift */; };
		674844422BC3418B00A27B51 /* Assets.xcassets in Resources */ = {isa = PBXBuildFile; fileRef = 674844412BC3418B00A27B51 /* Assets.xcassets */; };
		674844452BC3418B00A27B51 /* Preview Assets.xcassets in Resources */ = {isa = PBXBuildFile; fileRef = 674844442BC3418B00A27B51 /* Preview Assets.xcassets */; };
		6748444F2BC3418C00A27B51 /* SleepNoiseTests.swift in Sources */ = {isa = PBXBuildFile; fileRef = 6748444E2BC3418C00A27B51 /* SleepNoiseTests.swift */; };
		674844592BC3418C00A27B51 /* SleepNoiseUITests.swift in Sources */ = {isa = PBXBuildFile; fileRef = 674844582BC3418C00A27B51 /* SleepNoiseUITests.swift */; };
		6748445B2BC3418C00A27B51 /* SleepNoiseUITestsLaunchTests.swift in Sources */ = {isa = PBXBuildFile; fileRef = 6748445A2BC3418C00A27B51 /* SleepNoiseUITestsLaunchTests.swift */; };
		6748446A2BC346D800A27B51 /* ContentViewModel.swift in Sources */ = {isa = PBXBuildFile; fileRef = 674844692BC346D800A27B51 /* ContentViewModel.swift */; };
		674844702BC391EA00A27B51 /* Synth.swift in Sources */ = {isa = PBXBuildFile; fileRef = 6748446F2BC391EA00A27B51 /* Synth.swift */; };
		675FD6062BC4C2DD00AD5854 /* oscillator.swift in Sources */ = {isa = PBXBuildFile; fileRef = 675FD6052BC4C2DD00AD5854 /* oscillator.swift */; };
/* End PBXBuildFile section */

/* Begin PBXContainerItemProxy section */
		6748444B2BC3418C00A27B51 /* PBXContainerItemProxy */ = {
			isa = PBXContainerItemProxy;
			containerPortal = 674844322BC3418A00A27B51 /* Project object */;
			proxyType = 1;
			remoteGlobalIDString = 674844392BC3418A00A27B51;
			remoteInfo = SleepNoise;
		};
		674844552BC3418C00A27B51 /* PBXContainerItemProxy */ = {
			isa = PBXContainerItemProxy;
			containerPortal = 674844322BC3418A00A27B51 /* Project object */;
			proxyType = 1;
			remoteGlobalIDString = 674844392BC3418A00A27B51;
			remoteInfo = SleepNoise;
		};
/* End PBXContainerItemProxy section */

/* Begin PBXFileReference section */
		6748443A2BC3418A00A27B51 /* SleepNoise.app */ = {isa = PBXFileReference; explicitFileType = wrapper.application; includeInIndex = 0; path = SleepNoise.app; sourceTree = BUILT_PRODUCTS_DIR; };
		6748443D2BC3418A00A27B51 /* SleepNoiseApp.swift */ = {isa = PBXFileReference; lastKnownFileType = sourcecode.swift; path = SleepNoiseApp.swift; sourceTree = "<group>"; };
		6748443F2BC3418A00A27B51 /* ContentView.swift */ = {isa = PBXFileReference; lastKnownFileType = sourcecode.swift; path = ContentView.swift; sourceTree = "<group>"; };
		674844412BC3418B00A27B51 /* Assets.xcassets */ = {isa = PBXFileReference; lastKnownFileType = folder.assetcatalog; path = Assets.xcassets; sourceTree = "<group>"; };
		674844442BC3418B00A27B51 /* Preview Assets.xcassets */ = {isa = PBXFileReference; lastKnownFileType = folder.assetcatalog; path = "Preview Assets.xcassets"; sourceTree = "<group>"; };
		6748444A2BC3418C00A27B51 /* SleepNoiseTests.xctest */ = {isa = PBXFileReference; explicitFileType = wrapper.cfbundle; includeInIndex = 0; path = SleepNoiseTests.xctest; sourceTree = BUILT_PRODUCTS_DIR; };
		6748444E2BC3418C00A27B51 /* SleepNoiseTests.swift */ = {isa = PBXFileReference; lastKnownFileType = sourcecode.swift; path = SleepNoiseTests.swift; sourceTree = "<group>"; };
		674844542BC3418C00A27B51 /* SleepNoiseUITests.xctest */ = {isa = PBXFileReference; explicitFileType = wrapper.cfbundle; includeInIndex = 0; path = SleepNoiseUITests.xctest; sourceTree = BUILT_PRODUCTS_DIR; };
		674844582BC3418C00A27B51 /* SleepNoiseUITests.swift */ = {isa = PBXFileReference; lastKnownFileType = sourcecode.swift; path = SleepNoiseUITests.swift; sourceTree = "<group>"; };
		6748445A2BC3418C00A27B51 /* SleepNoiseUITestsLaunchTests.swift */ = {isa = PBXFileReference; lastKnownFileType = sourcecode.swift; path = SleepNoiseUITestsLaunchTests.swift; sourceTree = "<group>"; };
		674844692BC346D800A27B51 /* ContentViewModel.swift */ = {isa = PBXFileReference; lastKnownFileType = sourcecode.swift; path = ContentViewModel.swift; sourceTree = "<group>"; };
		6748446F2BC391EA00A27B51 /* Synth.swift */ = {isa = PBXFileReference; lastKnownFileType = sourcecode.swift; path = Synth.swift; sourceTree = "<group>"; };
		674844712BC4789400A27B51 /* Info.plist */ = {isa = PBXFileReference; lastKnownFileType = text.plist; path = Info.plist; sourceTree = "<group>"; };
		675FD6052BC4C2DD00AD5854 /* oscillator.swift */ = {isa = PBXFileReference; lastKnownFileType = sourcecode.swift; path = oscillator.swift; sourceTree = "<group>"; };
/* End PBXFileReference section */

/* Begin PBXFrameworksBuildPhase section */
		674844372BC3418A00A27B51 /* Frameworks */ = {
			isa = PBXFrameworksBuildPhase;
			buildActionMask = 2147483647;
			files = (
			);
			runOnlyForDeploymentPostprocessing = 0;
		};
		674844472BC3418C00A27B51 /* Frameworks */ = {
			isa = PBXFrameworksBuildPhase;
			buildActionMask = 2147483647;
			files = (
			);
			runOnlyForDeploymentPostprocessing = 0;
		};
		674844512BC3418C00A27B51 /* Frameworks */ = {
			isa = PBXFrameworksBuildPhase;
			buildActionMask = 2147483647;
			files = (
			);
			runOnlyForDeploymentPostprocessing = 0;
		};
/* End PBXFrameworksBuildPhase section */

/* Begin PBXGroup section */
		674844312BC3418A00A27B51 = {
			isa = PBXGroup;
			children = (
				6748443C2BC3418A00A27B51 /* SleepNoise */,
				6748444D2BC3418C00A27B51 /* SleepNoiseTests */,
				674844572BC3418C00A27B51 /* SleepNoiseUITests */,
				6748443B2BC3418A00A27B51 /* Products */,
			);
			sourceTree = "<group>";
		};
		6748443B2BC3418A00A27B51 /* Products */ = {
			isa = PBXGroup;
			children = (
				6748443A2BC3418A00A27B51 /* SleepNoise.app */,
				6748444A2BC3418C00A27B51 /* SleepNoiseTests.xctest */,
				674844542BC3418C00A27B51 /* SleepNoiseUITests.xctest */,
			);
			name = Products;
			sourceTree = "<group>";
		};
		6748443C2BC3418A00A27B51 /* SleepNoise */ = {
			isa = PBXGroup;
			children = (
				674844712BC4789400A27B51 /* Info.plist */,
				6748446E2BC391CC00A27B51 /* Model */,
				674844682BC346A800A27B51 /* ViewModel */,
				674844672BC3433400A27B51 /* View */,
				6748443D2BC3418A00A27B51 /* SleepNoiseApp.swift */,
				674844412BC3418B00A27B51 /* Assets.xcassets */,
				674844432BC3418B00A27B51 /* Preview Content */,
			);
			path = SleepNoise;
			sourceTree = "<group>";
		};
		674844432BC3418B00A27B51 /* Preview Content */ = {
			isa = PBXGroup;
			children = (
				674844442BC3418B00A27B51 /* Preview Assets.xcassets */,
			);
			path = "Preview Content";
			sourceTree = "<group>";
		};
		6748444D2BC3418C00A27B51 /* SleepNoiseTests */ = {
			isa = PBXGroup;
			children = (
				6748444E2BC3418C00A27B51 /* SleepNoiseTests.swift */,
			);
			path = SleepNoiseTests;
			sourceTree = "<group>";
		};
		674844572BC3418C00A27B51 /* SleepNoiseUITests */ = {
			isa = PBXGroup;
			children = (
				674844582BC3418C00A27B51 /* SleepNoiseUITests.swift */,
				6748445A2BC3418C00A27B51 /* SleepNoiseUITestsLaunchTests.swift */,
			);
			path = SleepNoiseUITests;
			sourceTree = "<group>";
		};
		674844672BC3433400A27B51 /* View */ = {
			isa = PBXGroup;
			children = (
				6748443F2BC3418A00A27B51 /* ContentView.swift */,
			);
			path = View;
			sourceTree = "<group>";
		};
		674844682BC346A800A27B51 /* ViewModel */ = {
			isa = PBXGroup;
			children = (
				674844692BC346D800A27B51 /* ContentViewModel.swift */,
			);
			path = ViewModel;
			sourceTree = "<group>";
		};
		6748446E2BC391CC00A27B51 /* Model */ = {
			isa = PBXGroup;
			children = (
				6748446F2BC391EA00A27B51 /* Synth.swift */,
				675FD6052BC4C2DD00AD5854 /* oscillator.swift */,
			);
			path = Model;
			sourceTree = "<group>";
		};
/* End PBXGroup section */

/* Begin PBXNativeTarget section */
		674844392BC3418A00A27B51 /* SleepNoise */ = {
			isa = PBXNativeTarget;
			buildConfigurationList = 6748445E2BC3418C00A27B51 /* Build configuration list for PBXNativeTarget "SleepNoise" */;
			buildPhases = (
				674844362BC3418A00A27B51 /* Sources */,
				674844372BC3418A00A27B51 /* Frameworks */,
				674844382BC3418A00A27B51 /* Resources */,
			);
			buildRules = (
			);
			dependencies = (
			);
			name = SleepNoise;
			productName = SleepNoise;
			productReference = 6748443A2BC3418A00A27B51 /* SleepNoise.app */;
			productType = "com.apple.product-type.application";
		};
		674844492BC3418C00A27B51 /* SleepNoiseTests */ = {
			isa = PBXNativeTarget;
			buildConfigurationList = 674844612BC3418C00A27B51 /* Build configuration list for PBXNativeTarget "SleepNoiseTests" */;
			buildPhases = (
				674844462BC3418C00A27B51 /* Sources */,
				674844472BC3418C00A27B51 /* Frameworks */,
				674844482BC3418C00A27B51 /* Resources */,
			);
			buildRules = (
			);
			dependencies = (
				6748444C2BC3418C00A27B51 /* PBXTargetDependency */,
			);
			name = SleepNoiseTests;
			productName = SleepNoiseTests;
			productReference = 6748444A2BC3418C00A27B51 /* SleepNoiseTests.xctest */;
			productType = "com.apple.product-type.bundle.unit-test";
		};
		674844532BC3418C00A27B51 /* SleepNoiseUITests */ = {
			isa = PBXNativeTarget;
			buildConfigurationList = 674844642BC3418C00A27B51 /* Build configuration list for PBXNativeTarget "SleepNoiseUITests" */;
			buildPhases = (
				674844502BC3418C00A27B51 /* Sources */,
				674844512BC3418C00A27B51 /* Frameworks */,
				674844522BC3418C00A27B51 /* Resources */,
			);
			buildRules = (
			);
			dependencies = (
				674844562BC3418C00A27B51 /* PBXTargetDependency */,
			);
			name = SleepNoiseUITests;
			productName = SleepNoiseUITests;
			productReference = 674844542BC3418C00A27B51 /* SleepNoiseUITests.xctest */;
			productType = "com.apple.product-type.bundle.ui-testing";
		};
/* End PBXNativeTarget section */

/* Begin PBXProject section */
		674844322BC3418A00A27B51 /* Project object */ = {
			isa = PBXProject;
			attributes = {
				BuildIndependentTargetsInParallel = 1;
				LastSwiftUpdateCheck = 1520;
				LastUpgradeCheck = 1520;
				TargetAttributes = {
					674844392BC3418A00A27B51 = {
						CreatedOnToolsVersion = 15.2;
					};
					674844492BC3418C00A27B51 = {
						CreatedOnToolsVersion = 15.2;
						TestTargetID = 674844392BC3418A00A27B51;
					};
					674844532BC3418C00A27B51 = {
						CreatedOnToolsVersion = 15.2;
						TestTargetID = 674844392BC3418A00A27B51;
					};
				};
			};
			buildConfigurationList = 674844352BC3418A00A27B51 /* Build configuration list for PBXProject "SleepNoise" */;
			compatibilityVersion = "Xcode 14.0";
			developmentRegion = en;
			hasScannedForEncodings = 0;
			knownRegions = (
				en,
				Base,
			);
			mainGroup = 674844312BC3418A00A27B51;
			productRefGroup = 6748443B2BC3418A00A27B51 /* Products */;
			projectDirPath = "";
			projectRoot = "";
			targets = (
				674844392BC3418A00A27B51 /* SleepNoise */,
				674844492BC3418C00A27B51 /* SleepNoiseTests */,
				674844532BC3418C00A27B51 /* SleepNoiseUITests */,
			);
		};
/* End PBXProject section */

/* Begin PBXResourcesBuildPhase section */
		674844382BC3418A00A27B51 /* Resources */ = {
			isa = PBXResourcesBuildPhase;
			buildActionMask = 2147483647;
			files = (
				674844452BC3418B00A27B51 /* Preview Assets.xcassets in Resources */,
				674844422BC3418B00A27B51 /* Assets.xcassets in Resources */,
			);
			runOnlyForDeploymentPostprocessing = 0;
		};
		674844482BC3418C00A27B51 /* Resources */ = {
			isa = PBXResourcesBuildPhase;
			buildActionMask = 2147483647;
			files = (
			);
			runOnlyForDeploymentPostprocessing = 0;
		};
		674844522BC3418C00A27B51 /* Resources */ = {
			isa = PBXResourcesBuildPhase;
			buildActionMask = 2147483647;
			files = (
			);
			runOnlyForDeploymentPostprocessing = 0;
		};
/* End PBXResourcesBuildPhase section */

/* Begin PBXSourcesBuildPhase section */
		674844362BC3418A00A27B51 /* Sources */ = {
			isa = PBXSourcesBuildPhase;
			buildActionMask = 2147483647;
			files = (
				674844402BC3418A00A27B51 /* ContentView.swift in Sources */,
				6748443E2BC3418A00A27B51 /* SleepNoiseApp.swift in Sources */,
				674844702BC391EA00A27B51 /* Synth.swift in Sources */,
				6748446A2BC346D800A27B51 /* ContentViewModel.swift in Sources */,
				675FD6062BC4C2DD00AD5854 /* oscillator.swift in Sources */,
			);
			runOnlyForDeploymentPostprocessing = 0;
		};
		674844462BC3418C00A27B51 /* Sources */ = {
			isa = PBXSourcesBuildPhase;
			buildActionMask = 2147483647;
			files = (
				6748444F2BC3418C00A27B51 /* SleepNoiseTests.swift in Sources */,
			);
			runOnlyForDeploymentPostprocessing = 0;
		};
		674844502BC3418C00A27B51 /* Sources */ = {
			isa = PBXSourcesBuildPhase;
			buildActionMask = 2147483647;
			files = (
				674844592BC3418C00A27B51 /* SleepNoiseUITests.swift in Sources */,
				6748445B2BC3418C00A27B51 /* SleepNoiseUITestsLaunchTests.swift in Sources */,
			);
			runOnlyForDeploymentPostprocessing = 0;
		};
/* End PBXSourcesBuildPhase section */

/* Begin PBXTargetDependency section */
		6748444C2BC3418C00A27B51 /* PBXTargetDependency */ = {
			isa = PBXTargetDependency;
			target = 674844392BC3418A00A27B51 /* SleepNoise */;
			targetProxy = 6748444B2BC3418C00A27B51 /* PBXContainerItemProxy */;
		};
		674844562BC3418C00A27B51 /* PBXTargetDependency */ = {
			isa = PBXTargetDependency;
			target = 674844392BC3418A00A27B51 /* SleepNoise */;
			targetProxy = 674844552BC3418C00A27B51 /* PBXContainerItemProxy */;
		};
/* End PBXTargetDependency section */

/* Begin XCBuildConfiguration section */
		6748445C2BC3418C00A27B51 /* Debug */ = {
			isa = XCBuildConfiguration;
			buildSettings = {
				ALWAYS_SEARCH_USER_PATHS = NO;
				ASSETCATALOG_COMPILER_GENERATE_SWIFT_ASSET_SYMBOL_EXTENSIONS = YES;
				CLANG_ANALYZER_NONNULL = YES;
				CLANG_ANALYZER_NUMBER_OBJECT_CONVERSION = YES_AGGRESSIVE;
				CLANG_CXX_LANGUAGE_STANDARD = "gnu++20";
				CLANG_ENABLE_MODULES = YES;
				CLANG_ENABLE_OBJC_ARC = YES;
				CLANG_ENABLE_OBJC_WEAK = YES;
				CLANG_WARN_BLOCK_CAPTURE_AUTORELEASING = YES;
				CLANG_WARN_BOOL_CONVERSION = YES;
				CLANG_WARN_COMMA = YES;
				CLANG_WARN_CONSTANT_CONVERSION = YES;
				CLANG_WARN_DEPRECATED_OBJC_IMPLEMENTATIONS = YES;
				CLANG_WARN_DIRECT_OBJC_ISA_USAGE = YES_ERROR;
				CLANG_WARN_DOCUMENTATION_COMMENTS = YES;
				CLANG_WARN_EMPTY_BODY = YES;
				CLANG_WARN_ENUM_CONVERSION = YES;
				CLANG_WARN_INFINITE_RECURSION = YES;
				CLANG_WARN_INT_CONVERSION = YES;
				CLANG_WARN_NON_LITERAL_NULL_CONVERSION = YES;
				CLANG_WARN_OBJC_IMPLICIT_RETAIN_SELF = YES;
				CLANG_WARN_OBJC_LITERAL_CONVERSION = YES;
				CLANG_WARN_OBJC_ROOT_CLASS = YES_ERROR;
				CLANG_WARN_QUOTED_INCLUDE_IN_FRAMEWORK_HEADER = YES;
				CLANG_WARN_RANGE_LOOP_ANALYSIS = YES;
				CLANG_WARN_STRICT_PROTOTYPES = YES;
				CLANG_WARN_SUSPICIOUS_MOVE = YES;
				CLANG_WARN_UNGUARDED_AVAILABILITY = YES_AGGRESSIVE;
				CLANG_WARN_UNREACHABLE_CODE = YES;
				CLANG_WARN__DUPLICATE_METHOD_MATCH = YES;
				COPY_PHASE_STRIP = NO;
				DEBUG_INFORMATION_FORMAT = dwarf;
				ENABLE_STRICT_OBJC_MSGSEND = YES;
				ENABLE_TESTABILITY = YES;
				ENABLE_USER_SCRIPT_SANDBOXING = YES;
				GCC_C_LANGUAGE_STANDARD = gnu17;
				GCC_DYNAMIC_NO_PIC = NO;
				GCC_NO_COMMON_BLOCKS = YES;
				GCC_OPTIMIZATION_LEVEL = 0;
				GCC_PREPROCESSOR_DEFINITIONS = (
					"DEBUG=1",
					"$(inherited)",
				);
				GCC_WARN_64_TO_32_BIT_CONVERSION = YES;
				GCC_WARN_ABOUT_RETURN_TYPE = YES_ERROR;
				GCC_WARN_UNDECLARED_SELECTOR = YES;
				GCC_WARN_UNINITIALIZED_AUTOS = YES_AGGRESSIVE;
				GCC_WARN_UNUSED_FUNCTION = YES;
				GCC_WARN_UNUSED_VARIABLE = YES;
				IPHONEOS_DEPLOYMENT_TARGET = 17.2;
				LOCALIZATION_PREFERS_STRING_CATALOGS = YES;
				MTL_ENABLE_DEBUG_INFO = INCLUDE_SOURCE;
				MTL_FAST_MATH = YES;
				ONLY_ACTIVE_ARCH = YES;
				SDKROOT = iphoneos;
				SWIFT_ACTIVE_COMPILATION_CONDITIONS = "DEBUG $(inherited)";
				SWIFT_OPTIMIZATION_LEVEL = "-Onone";
			};
			name = Debug;
		};
		6748445D2BC3418C00A27B51 /* Release */ = {
			isa = XCBuildConfiguration;
			buildSettings = {
				ALWAYS_SEARCH_USER_PATHS = NO;
				ASSETCATALOG_COMPILER_GENERATE_SWIFT_ASSET_SYMBOL_EXTENSIONS = YES;
				CLANG_ANALYZER_NONNULL = YES;
				CLANG_ANALYZER_NUMBER_OBJECT_CONVERSION = YES_AGGRESSIVE;
				CLANG_CXX_LANGUAGE_STANDARD = "gnu++20";
				CLANG_ENABLE_MODULES = YES;
				CLANG_ENABLE_OBJC_ARC = YES;
				CLANG_ENABLE_OBJC_WEAK = YES;
				CLANG_WARN_BLOCK_CAPTURE_AUTORELEASING = YES;
				CLANG_WARN_BOOL_CONVERSION = YES;
				CLANG_WARN_COMMA = YES;
				CLANG_WARN_CONSTANT_CONVERSION = YES;
				CLANG_WARN_DEPRECATED_OBJC_IMPLEMENTATIONS = YES;
				CLANG_WARN_DIRECT_OBJC_ISA_USAGE = YES_ERROR;
				CLANG_WARN_DOCUMENTATION_COMMENTS = YES;
				CLANG_WARN_EMPTY_BODY = YES;
				CLANG_WARN_ENUM_CONVERSION = YES;
				CLANG_WARN_INFINITE_RECURSION = YES;
				CLANG_WARN_INT_CONVERSION = YES;
				CLANG_WARN_NON_LITERAL_NULL_CONVERSION = YES;
				CLANG_WARN_OBJC_IMPLICIT_RETAIN_SELF = YES;
				CLANG_WARN_OBJC_LITERAL_CONVERSION = YES;
				CLANG_WARN_OBJC_ROOT_CLASS = YES_ERROR;
				CLANG_WARN_QUOTED_INCLUDE_IN_FRAMEWORK_HEADER = YES;
				CLANG_WARN_RANGE_LOOP_ANALYSIS = YES;
				CLANG_WARN_STRICT_PROTOTYPES = YES;
				CLANG_WARN_SUSPICIOUS_MOVE = YES;
				CLANG_WARN_UNGUARDED_AVAILABILITY = YES_AGGRESSIVE;
				CLANG_WARN_UNREACHABLE_CODE = YES;
				CLANG_WARN__DUPLICATE_METHOD_MATCH = YES;
				COPY_PHASE_STRIP = NO;
				DEBUG_INFORMATION_FORMAT = "dwarf-with-dsym";
				ENABLE_NS_ASSERTIONS = NO;
				ENABLE_STRICT_OBJC_MSGSEND = YES;
				ENABLE_USER_SCRIPT_SANDBOXING = YES;
				GCC_C_LANGUAGE_STANDARD = gnu17;
				GCC_NO_COMMON_BLOCKS = YES;
				GCC_WARN_64_TO_32_BIT_CONVERSION = YES;
				GCC_WARN_ABOUT_RETURN_TYPE = YES_ERROR;
				GCC_WARN_UNDECLARED_SELECTOR = YES;
				GCC_WARN_UNINITIALIZED_AUTOS = YES_AGGRESSIVE;
				GCC_WARN_UNUSED_FUNCTION = YES;
				GCC_WARN_UNUSED_VARIABLE = YES;
				IPHONEOS_DEPLOYMENT_TARGET = 17.2;
				LOCALIZATION_PREFERS_STRING_CATALOGS = YES;
				MTL_ENABLE_DEBUG_INFO = NO;
				MTL_FAST_MATH = YES;
				SDKROOT = iphoneos;
				SWIFT_COMPILATION_MODE = wholemodule;
				VALIDATE_PRODUCT = YES;
			};
			name = Release;
		};
		6748445F2BC3418C00A27B51 /* Debug */ = {
			isa = XCBuildConfiguration;
			buildSettings = {
				ASSETCATALOG_COMPILER_APPICON_NAME = AppIcon;
				ASSETCATALOG_COMPILER_GLOBAL_ACCENT_COLOR_NAME = AccentColor;
				CODE_SIGN_STYLE = Automatic;
				CURRENT_PROJECT_VERSION = 1;
				DEVELOPMENT_ASSET_PATHS = "\"SleepNoise/Preview Content\"";
				DEVELOPMENT_TEAM = 3BVV3752R4;
				ENABLE_PREVIEWS = YES;
				GENERATE_INFOPLIST_FILE = YES;
				INFOPLIST_FILE = SleepNoise/Info.plist;
				INFOPLIST_KEY_UIApplicationSceneManifest_Generation = YES;
				INFOPLIST_KEY_UIApplicationSupportsIndirectInputEvents = YES;
				INFOPLIST_KEY_UILaunchScreen_Generation = YES;
				INFOPLIST_KEY_UISupportedInterfaceOrientations_iPad = "UIInterfaceOrientationPortrait UIInterfaceOrientationPortraitUpsideDown UIInterfaceOrientationLandscapeLeft UIInterfaceOrientationLandscapeRight";
				INFOPLIST_KEY_UISupportedInterfaceOrientations_iPhone = "UIInterfaceOrientationPortrait UIInterfaceOrientationLandscapeLeft UIInterfaceOrientationLandscapeRight";
				LD_RUNPATH_SEARCH_PATHS = (
					"$(inherited)",
					"@executable_path/Frameworks",
				);
				MARKETING_VERSION = 1.0;
				PRODUCT_BUNDLE_IDENTIFIER = MaxBuchholz.SleepNoise;
				PRODUCT_NAME = "$(TARGET_NAME)";
				SWIFT_EMIT_LOC_STRINGS = YES;
				SWIFT_VERSION = 5.0;
				TARGETED_DEVICE_FAMILY = "1,2";
			};
			name = Debug;
		};
		674844602BC3418C00A27B51 /* Release */ = {
			isa = XCBuildConfiguration;
			buildSettings = {
				ASSETCATALOG_COMPILER_APPICON_NAME = AppIcon;
				ASSETCATALOG_COMPILER_GLOBAL_ACCENT_COLOR_NAME = AccentColor;
				CODE_SIGN_STYLE = Automatic;
				CURRENT_PROJECT_VERSION = 1;
				DEVELOPMENT_ASSET_PATHS = "\"SleepNoise/Preview Content\"";
				DEVELOPMENT_TEAM = 3BVV3752R4;
				ENABLE_PREVIEWS = YES;
				GENERATE_INFOPLIST_FILE = YES;
				INFOPLIST_FILE = SleepNoise/Info.plist;
				INFOPLIST_KEY_UIApplicationSceneManifest_Generation = YES;
				INFOPLIST_KEY_UIApplicationSupportsIndirectInputEvents = YES;
				INFOPLIST_KEY_UILaunchScreen_Generation = YES;
				INFOPLIST_KEY_UISupportedInterfaceOrientations_iPad = "UIInterfaceOrientationPortrait UIInterfaceOrientationPortraitUpsideDown UIInterfaceOrientationLandscapeLeft UIInterfaceOrientationLandscapeRight";
				INFOPLIST_KEY_UISupportedInterfaceOrientations_iPhone = "UIInterfaceOrientationPortrait UIInterfaceOrientationLandscapeLeft UIInterfaceOrientationLandscapeRight";
				LD_RUNPATH_SEARCH_PATHS = (
					"$(inherited)",
					"@executable_path/Frameworks",
				);
				MARKETING_VERSION = 1.0;
				PRODUCT_BUNDLE_IDENTIFIER = MaxBuchholz.SleepNoise;
				PRODUCT_NAME = "$(TARGET_NAME)";
				SWIFT_EMIT_LOC_STRINGS = YES;
				SWIFT_VERSION = 5.0;
				TARGETED_DEVICE_FAMILY = "1,2";
			};
			name = Release;
		};
		674844622BC3418C00A27B51 /* Debug */ = {
			isa = XCBuildConfiguration;
			buildSettings = {
				ALWAYS_EMBED_SWIFT_STANDARD_LIBRARIES = YES;
				BUNDLE_LOADER = "$(TEST_HOST)";
				CODE_SIGN_STYLE = Automatic;
				CURRENT_PROJECT_VERSION = 1;
				DEVELOPMENT_TEAM = 3BVV3752R4;
				GENERATE_INFOPLIST_FILE = YES;
				IPHONEOS_DEPLOYMENT_TARGET = 17.2;
				MARKETING_VERSION = 1.0;
				PRODUCT_BUNDLE_IDENTIFIER = MaxBuchholz.SleepNoiseTests;
				PRODUCT_NAME = "$(TARGET_NAME)";
				SWIFT_EMIT_LOC_STRINGS = NO;
				SWIFT_VERSION = 5.0;
				TARGETED_DEVICE_FAMILY = "1,2";
				TEST_HOST = "$(BUILT_PRODUCTS_DIR)/SleepNoise.app/$(BUNDLE_EXECUTABLE_FOLDER_PATH)/SleepNoise";
			};
			name = Debug;
		};
		674844632BC3418C00A27B51 /* Release */ = {
			isa = XCBuildConfiguration;
			buildSettings = {
				ALWAYS_EMBED_SWIFT_STANDARD_LIBRARIES = YES;
				BUNDLE_LOADER = "$(TEST_HOST)";
				CODE_SIGN_STYLE = Automatic;
				CURRENT_PROJECT_VERSION = 1;
				DEVELOPMENT_TEAM = 3BVV3752R4;
				GENERATE_INFOPLIST_FILE = YES;
				IPHONEOS_DEPLOYMENT_TARGET = 17.2;
				MARKETING_VERSION = 1.0;
				PRODUCT_BUNDLE_IDENTIFIER = MaxBuchholz.SleepNoiseTests;
				PRODUCT_NAME = "$(TARGET_NAME)";
				SWIFT_EMIT_LOC_STRINGS = NO;
				SWIFT_VERSION = 5.0;
				TARGETED_DEVICE_FAMILY = "1,2";
				TEST_HOST = "$(BUILT_PRODUCTS_DIR)/SleepNoise.app/$(BUNDLE_EXECUTABLE_FOLDER_PATH)/SleepNoise";
			};
			name = Release;
		};
		674844652BC3418C00A27B51 /* Debug */ = {
			isa = XCBuildConfiguration;
			buildSettings = {
				ALWAYS_EMBED_SWIFT_STANDARD_LIBRARIES = YES;
				CODE_SIGN_STYLE = Automatic;
				CURRENT_PROJECT_VERSION = 1;
				DEVELOPMENT_TEAM = 3BVV3752R4;
				GENERATE_INFOPLIST_FILE = YES;
				MARKETING_VERSION = 1.0;
				PRODUCT_BUNDLE_IDENTIFIER = MaxBuchholz.SleepNoiseUITests;
				PRODUCT_NAME = "$(TARGET_NAME)";
				SWIFT_EMIT_LOC_STRINGS = NO;
				SWIFT_VERSION = 5.0;
				TARGETED_DEVICE_FAMILY = "1,2";
				TEST_TARGET_NAME = SleepNoise;
			};
			name = Debug;
		};
		674844662BC3418C00A27B51 /* Release */ = {
			isa = XCBuildConfiguration;
			buildSettings = {
				ALWAYS_EMBED_SWIFT_STANDARD_LIBRARIES = YES;
				CODE_SIGN_STYLE = Automatic;
				CURRENT_PROJECT_VERSION = 1;
				DEVELOPMENT_TEAM = 3BVV3752R4;
				GENERATE_INFOPLIST_FILE = YES;
				MARKETING_VERSION = 1.0;
				PRODUCT_BUNDLE_IDENTIFIER = MaxBuchholz.SleepNoiseUITests;
				PRODUCT_NAME = "$(TARGET_NAME)";
				SWIFT_EMIT_LOC_STRINGS = NO;
				SWIFT_VERSION = 5.0;
				TARGETED_DEVICE_FAMILY = "1,2";
				TEST_TARGET_NAME = SleepNoise;
			};
			name = Release;
		};
/* End XCBuildConfiguration section */

/* Begin XCConfigurationList section */
		674844352BC3418A00A27B51 /* Build configuration list for PBXProject "SleepNoise" */ = {
			isa = XCConfigurationList;
			buildConfigurations = (
				6748445C2BC3418C00A27B51 /* Debug */,
				6748445D2BC3418C00A27B51 /* Release */,
			);
			defaultConfigurationIsVisible = 0;
			defaultConfigurationName = Release;
		};
		6748445E2BC3418C00A27B51 /* Build configuration list for PBXNativeTarget "SleepNoise" */ = {
			isa = XCConfigurationList;
			buildConfigurations = (
				6748445F2BC3418C00A27B51 /* Debug */,
				674844602BC3418C00A27B51 /* Release */,
			);
			defaultConfigurationIsVisible = 0;
			defaultConfigurationName = Release;
		};
		674844612BC3418C00A27B51 /* Build configuration list for PBXNativeTarget "SleepNoiseTests" */ = {
			isa = XCConfigurationList;
			buildConfigurations = (
				674844622BC3418C00A27B51 /* Debug */,
				674844632BC3418C00A27B51 /* Release */,
			);
			defaultConfigurationIsVisible = 0;
			defaultConfigurationName = Release;
		};
		674844642BC3418C00A27B51 /* Build configuration list for PBXNativeTarget "SleepNoiseUITests" */ = {
			isa = XCConfigurationList;
			buildConfigurations = (
				674844652BC3418C00A27B51 /* Debug */,
				674844662BC3418C00A27B51 /* Release */,
			);
			defaultConfigurationIsVisible = 0;
			defaultConfigurationName = Release;
		};
/* End XCConfigurationList section */
	};
	rootObject = 674844322BC3418A00A27B51 /* Project object */;
}
